
Microsoft Visual Studio Solution File, Format Version 12.00
# Visual Studio Version 17
VisualStudioVersion = 17.3.32929.385
MinimumVisualStudioVersion = 10.0.40219.1
Project("{FAE04EC0-301F-11D3-BF4B-00C04F79EFBC}") = "Lab 0", "Lab 0\Lab 0.csproj", "{71AFD8A7-0521-48C2-8513-7ECF7F0CDFA6}"
EndProject
Global
	GlobalSection(SolutionConfigurationPlatforms) = preSolution
		Debug|Any CPU = Debug|Any CPU
		Release|Any CPU = Release|Any CPU
	EndGlobalSection
	GlobalSection(ProjectConfigurationPlatforms) = postSolution
		{71AFD8A7-0521-48C2-8513-7ECF7F0CDFA6}.Debug|Any CPU.ActiveCfg = Debug|Any CPU
		{71AFD8A7-0521-48C2-8513-7ECF7F0CDFA6}.Debug|Any CPU.Build.0 = Debug|Any CPU
		{71AFD8A7-0521-48C2-8513-7ECF7F0CDFA6}.Release|Any CPU.ActiveCfg = Release|Any CPU
		{71AFD8A7-0521-48C2-8513-7ECF7F0CDFA6}.Release|Any CPU.Build.0 = Release|Any CPU
	EndGlobalSection
	GlobalSection(SolutionProperties) = preSolution
		HideSolutionNode = FALSE
	EndGlobalSection
	GlobalSection(ExtensibilityGlobals) = postSolution
		SolutionGuid = {C73B9543-4E51-4CE6-A19E-159D9F2DF947}
	EndGlobalSection
EndGlobal
